<?xml version="1.0" encoding="utf-8"?>
<Project ToolsVersion="4.0" xmlns="http://schemas.microsoft.com/developer/msbuild/2003">
  <ItemGroup>
    <ClCompile Include="Connection.cpp">
      <Filter>Source Files</Filter>
    </ClCompile>
    <ClCompile Include="AbstractAI.cpp">
      <Filter>Source Files</Filter>
    </ClCompile>
    <ClCompile Include="AIFactory.cpp">
      <Filter>Source Files</Filter>
    </ClCompile>
    <ClCompile Include="AI.cpp">
      <Filter>Source Files</Filter>
    </ClCompile>
    <ClCompile Include="ConnectionDoc.cpp">
      <Filter>Source Files</Filter>
    </ClCompile>
    <ClCompile Include="ConnectionView.cpp">
      <Filter>Source Files</Filter>
    </ClCompile>
    <ClCompile Include="MainFrm.cpp">
      <Filter>Source Files</Filter>
    </ClCompile>
    <ClCompile Include="SettingDialog.cpp">
      <Filter>Source Files</Filter>
    </ClCompile>
    <ClCompile Include="Solver.cpp">
      <Filter>Source Files</Filter>
    </ClCompile>
    <ClCompile Include="stdafx.cpp">
      <Filter>Source Files</Filter>
    </ClCompile>
    <ClCompile Include="VCDT.cpp">
      <Filter>Source Files</Filter>
    </ClCompile>
    <ClCompile Include="VCST.cpp">
      <Filter>Source Files</Filter>
    </ClCompile>
    <ClCompile Include="ConstofView.cpp">
      <Filter>Source Files</Filter>
    </ClCompile>
    <ClCompile Include="ConstofAbstractAI.cpp">
      <Filter>Source Files</Filter>
    </ClCompile>
    <ClCompile Include="Zobrist.cpp">
      <Filter>Source Files</Filter>
    </ClCompile>
  </ItemGroup>
  <ItemGroup>
    <ClInclude Include="AI.h">
      <Filter>Header Files</Filter>
    </ClInclude>
    <ClInclude Include="AbstractAI.h">
      <Filter>Header Files</Filter>
    </ClInclude>
    <ClInclude Include="OneMovePlayInfo.h">
      <Filter>Header Files</Filter>
    </ClInclude>
    <ClInclude Include="SettingDialog.h">
      <Filter>Header Files</Filter>
    </ClInclude>
    <ClInclude Include="Solver.h">
      <Filter>Header Files</Filter>
    </ClInclude>
    <ClInclude Include="stdafx.h">
      <Filter>Header Files</Filter>
    </ClInclude>
    <ClInclude Include="targetver.h">
      <Filter>Header Files</Filter>
    </ClInclude>
    <ClInclude Include="VCST.h">
      <Filter>Header Files</Filter>
    </ClInclude>
    <ClInclude Include="VCDT.h">
      <Filter>Header Files</Filter>
    </ClInclude>
    <ClInclude Include="AIFactory.h">
      <Filter>Header Files</Filter>
    </ClInclude>
    <ClInclude Include="MainFrm.h">
      <Filter>Header Files</Filter>
    </ClInclude>
    <ClInclude Include="ConnectionView.h">
      <Filter>Header Files</Filter>
    </ClInclude>
    <ClInclude Include="Connection.h">
      <Filter>Header Files</Filter>
    </ClInclude>
    <ClInclude Include="Resource.h">
      <Filter>Header Files</Filter>
    </ClInclude>
    <ClInclude Include="ConnectionDoc.h">
      <Filter>Header Files</Filter>
    </ClInclude>
    <ClInclude Include="Zobrist.h">
      <Filter>Header Files</Filter>
    </ClInclude>
  </ItemGroup>
  <ItemGroup>
    <None Include="ReadMe.txt" />
    <None Include="Connection.ini" />
    <None Include="res\a.bmp">
      <Filter>Resource Files</Filter>
    </None>
    <None Include="res\black.bmp">
      <Filter>Resource Files</Filter>
    </None>
    <None Include="res\black1.bmp">
      <Filter>Resource Files</Filter>
    </None>
    <None Include="res\black2.bmp">
      <Filter>Resource Files</Filter>
    </None>
    <None Include="res\Connection.ico">
      <Filter>Resource Files</Filter>
    </None>
    <None Include="res\Connection.rc2">
      <Filter>Resource Files</Filter>
    </None>
    <None Include="res\ConnectionDoc.ico">
      <Filter>Resource Files</Filter>
    </None>
    <None Include="res\white.bmp">
      <Filter>Resource Files</Filter>
    </None>
    <None Include="res\white1.bmp">
      <Filter>Resource Files</Filter>
    </None>
    <None Include="res\white2.bmp">
      <Filter>Resource Files</Filter>
    </None>
    <None Include="ClassDiagram.cd" />
  </ItemGroup>
  <ItemGroup>
    <Filter Include="Header Files">
      <UniqueIdentifier>{c7f23f9f-c997-45b9-968b-0f6ebee0782d}</UniqueIdentifier>
    </Filter>
    <Filter Include="Source Files">
      <UniqueIdentifier>{89eee7c4-06cc-4c19-b1c9-4b9dbe1eaf65}</UniqueIdentifier>
    </Filter>
    <Filter Include="Resource Files">
      <UniqueIdentifier>{0c084003-3284-42d4-9f29-ca2f2b33c75e}</UniqueIdentifier>
    </Filter>
  </ItemGroup>
  <ItemGroup>
    <ResourceCompile Include="Connection.rc">
      <Filter>Resource Files</Filter>
    </ResourceCompile>
  </ItemGroup>
</Project>